
Microsoft Visual Studio Solution File, Format Version 12.00
# Visual Studio 14
VisualStudioVersion = 14.0.25420.1
MinimumVisualStudioVersion = 10.0.40219.1
Project("{FAE04EC0-301F-11D3-BF4B-00C04F79EFBC}") = "HVKTQS.Common", "HVKTQS.Common\HVKTQS.Common.csproj", "{13D26A64-D7BC-402B-B346-C72D13A66D1B}"
EndProject
Project("{FAE04EC0-301F-11D3-BF4B-00C04F79EFBC}") = "HVKTQS.Data", "HVKTQS.Data\HVKTQS.Data.csproj", "{30AAFA18-9490-4FFF-B048-55889B5EFB0E}"
EndProject
Project("{FAE04EC0-301F-11D3-BF4B-00C04F79EFBC}") = "HVKTQS.Service", "HVKTQS.Service\HVKTQS.Service.csproj", "{73EED17D-EA5E-4021-8105-D80983A3A342}"
EndProject
Project("{FAE04EC0-301F-11D3-BF4B-00C04F79EFBC}") = "HVKTQS.Model", "HVKTQS.Model\HVKTQS.Model.csproj", "{83F6131B-FA5A-41F2-9B5F-22EA7BA6DACC}"
EndProject
Project("{FAE04EC0-301F-11D3-BF4B-00C04F79EFBC}") = "HVKTQS.UI", "HVKTQS.UI\HVKTQS.UI.csproj", "{1F8A8BCE-3393-4773-84AC-559CE21B422F}"
EndProject
Project("{FAE04EC0-301F-11D3-BF4B-00C04F79EFBC}") = "HVKTQS.UI.Tests", "HVKTQS.UI.Tests\HVKTQS.UI.Tests.csproj", "{3A1B5380-4B00-48A2-B5E4-8C4C7F993613}"
EndProject
Global
	GlobalSection(SolutionConfigurationPlatforms) = preSolution
		Debug|Any CPU = Debug|Any CPU
		Release|Any CPU = Release|Any CPU
	EndGlobalSection
	GlobalSection(ProjectConfigurationPlatforms) = postSolution
		{13D26A64-D7BC-402B-B346-C72D13A66D1B}.Debug|Any CPU.ActiveCfg = Debug|Any CPU
		{13D26A64-D7BC-402B-B346-C72D13A66D1B}.Debug|Any CPU.Build.0 = Debug|Any CPU
		{13D26A64-D7BC-402B-B346-C72D13A66D1B}.Release|Any CPU.ActiveCfg = Release|Any CPU
		{13D26A64-D7BC-402B-B346-C72D13A66D1B}.Release|Any CPU.Build.0 = Release|Any CPU
		{30AAFA18-9490-4FFF-B048-55889B5EFB0E}.Debug|Any CPU.ActiveCfg = Debug|Any CPU
		{30AAFA18-9490-4FFF-B048-55889B5EFB0E}.Debug|Any CPU.Build.0 = Debug|Any CPU
		{30AAFA18-9490-4FFF-B048-55889B5EFB0E}.Release|Any CPU.ActiveCfg = Release|Any CPU
		{30AAFA18-9490-4FFF-B048-55889B5EFB0E}.Release|Any CPU.Build.0 = Release|Any CPU
		{73EED17D-EA5E-4021-8105-D80983A3A342}.Debug|Any CPU.ActiveCfg = Debug|Any CPU
		{73EED17D-EA5E-4021-8105-D80983A3A342}.Debug|Any CPU.Build.0 = Debug|Any CPU
		{73EED17D-EA5E-4021-8105-D80983A3A342}.Release|Any CPU.ActiveCfg = Release|Any CPU
		{73EED17D-EA5E-4021-8105-D80983A3A342}.Release|Any CPU.Build.0 = Release|Any CPU
		{83F6131B-FA5A-41F2-9B5F-22EA7BA6DACC}.Debug|Any CPU.ActiveCfg = Debug|Any CPU
		{83F6131B-FA5A-41F2-9B5F-22EA7BA6DACC}.Debug|Any CPU.Build.0 = Debug|Any CPU
		{83F6131B-FA5A-41F2-9B5F-22EA7BA6DACC}.Release|Any CPU.ActiveCfg = Release|Any CPU
		{83F6131B-FA5A-41F2-9B5F-22EA7BA6DACC}.Release|Any CPU.Build.0 = Release|Any CPU
		{1F8A8BCE-3393-4773-84AC-559CE21B422F}.Debug|Any CPU.ActiveCfg = Debug|Any CPU
		{1F8A8BCE-3393-4773-84AC-559CE21B422F}.Debug|Any CPU.Build.0 = Debug|Any CPU
		{1F8A8BCE-3393-4773-84AC-559CE21B422F}.Release|Any CPU.ActiveCfg = Release|Any CPU
		{1F8A8BCE-3393-4773-84AC-559CE21B422F}.Release|Any CPU.Build.0 = Release|Any CPU
		{3A1B5380-4B00-48A2-B5E4-8C4C7F993613}.Debug|Any CPU.ActiveCfg = Debug|Any CPU
		{3A1B5380-4B00-48A2-B5E4-8C4C7F993613}.Debug|Any CPU.Build.0 = Debug|Any CPU
		{3A1B5380-4B00-48A2-B5E4-8C4C7F993613}.Release|Any CPU.ActiveCfg = Release|Any CPU
		{3A1B5380-4B00-48A2-B5E4-8C4C7F993613}.Release|Any CPU.Build.0 = Release|Any CPU
	EndGlobalSection
	GlobalSection(SolutionProperties) = preSolution
		HideSolutionNode = FALSE
	EndGlobalSection
EndGlobal
