
Microsoft Visual Studio Solution File, Format Version 12.00
# Visual Studio 14
VisualStudioVersion = 14.0.25420.1
MinimumVisualStudioVersion = 10.0.40219.1
Project("{FAE04EC0-301F-11D3-BF4B-00C04F79EFBC}") = "HVKTQS.Common", "HVKTQS.Common\HVKTQS.Common.csproj", "{13D26A64-D7BC-402B-B346-C72D13A66D1B}"
EndProject
Project("{FAE04EC0-301F-11D3-BF4B-00C04F79EFBC}") = "HVKTQS.Web", "HVKTQS.Web\HVKTQS.Web.csproj", "{2CF897F6-1E3E-4822-BA53-E304B20C5D7E}"
EndProject
Project("{FAE04EC0-301F-11D3-BF4B-00C04F79EFBC}") = "HVKTQS.DAL", "HVKTQS.DAL\HVKTQS.DAL.csproj", "{18E837B1-4660-4928-8D71-AE6897FA89F2}"
EndProject
Project("{FAE04EC0-301F-11D3-BF4B-00C04F79EFBC}") = "HVKTQS.Entities", "HVKTQS.Entities\HVKTQS.Entities.csproj", "{3CD02BEB-490D-415D-A5D6-01EF811A5BD3}"
EndProject
Project("{FAE04EC0-301F-11D3-BF4B-00C04F79EFBC}") = "HVKTQS.BAL", "HVKTQS.BAL\HVKTQS.BAL.csproj", "{E30D195A-8256-4783-94B3-6132BA3658EC}"
EndProject
Global
	GlobalSection(SolutionConfigurationPlatforms) = preSolution
		Debug|Any CPU = Debug|Any CPU
		Release|Any CPU = Release|Any CPU
	EndGlobalSection
	GlobalSection(ProjectConfigurationPlatforms) = postSolution
		{13D26A64-D7BC-402B-B346-C72D13A66D1B}.Debug|Any CPU.ActiveCfg = Debug|Any CPU
		{13D26A64-D7BC-402B-B346-C72D13A66D1B}.Debug|Any CPU.Build.0 = Debug|Any CPU
		{13D26A64-D7BC-402B-B346-C72D13A66D1B}.Release|Any CPU.ActiveCfg = Release|Any CPU
		{13D26A64-D7BC-402B-B346-C72D13A66D1B}.Release|Any CPU.Build.0 = Release|Any CPU
		{2CF897F6-1E3E-4822-BA53-E304B20C5D7E}.Debug|Any CPU.ActiveCfg = Debug|Any CPU
		{2CF897F6-1E3E-4822-BA53-E304B20C5D7E}.Debug|Any CPU.Build.0 = Debug|Any CPU
		{2CF897F6-1E3E-4822-BA53-E304B20C5D7E}.Release|Any CPU.ActiveCfg = Release|Any CPU
		{2CF897F6-1E3E-4822-BA53-E304B20C5D7E}.Release|Any CPU.Build.0 = Release|Any CPU
		{18E837B1-4660-4928-8D71-AE6897FA89F2}.Debug|Any CPU.ActiveCfg = Debug|Any CPU
		{18E837B1-4660-4928-8D71-AE6897FA89F2}.Debug|Any CPU.Build.0 = Debug|Any CPU
		{18E837B1-4660-4928-8D71-AE6897FA89F2}.Release|Any CPU.ActiveCfg = Release|Any CPU
		{18E837B1-4660-4928-8D71-AE6897FA89F2}.Release|Any CPU.Build.0 = Release|Any CPU
		{3CD02BEB-490D-415D-A5D6-01EF811A5BD3}.Debug|Any CPU.ActiveCfg = Debug|Any CPU
		{3CD02BEB-490D-415D-A5D6-01EF811A5BD3}.Debug|Any CPU.Build.0 = Debug|Any CPU
		{3CD02BEB-490D-415D-A5D6-01EF811A5BD3}.Release|Any CPU.ActiveCfg = Release|Any CPU
		{3CD02BEB-490D-415D-A5D6-01EF811A5BD3}.Release|Any CPU.Build.0 = Release|Any CPU
		{E30D195A-8256-4783-94B3-6132BA3658EC}.Debug|Any CPU.ActiveCfg = Debug|Any CPU
		{E30D195A-8256-4783-94B3-6132BA3658EC}.Debug|Any CPU.Build.0 = Debug|Any CPU
		{E30D195A-8256-4783-94B3-6132BA3658EC}.Release|Any CPU.ActiveCfg = Release|Any CPU
		{E30D195A-8256-4783-94B3-6132BA3658EC}.Release|Any CPU.Build.0 = Release|Any CPU
	EndGlobalSection
	GlobalSection(SolutionProperties) = preSolution
		HideSolutionNode = FALSE
	EndGlobalSection
EndGlobal
